
Microsoft Visual Studio Solution File, Format Version 12.00
# Visual Studio 15
VisualStudioVersion = 15.0.28307.329
MinimumVisualStudioVersion = 10.0.40219.1
Project("{FAE04EC0-301F-11D3-BF4B-00C04F79EFBC}") = "WalletBitcoin", "WalletBitcoin\WalletBitcoin.csproj", "{C3E1C8C8-2909-4A02-A932-0B29A82676CA}"
EndProject
Global
	GlobalSection(SolutionConfigurationPlatforms) = preSolution
		Debug|Any CPU = Debug|Any CPU
		Release|Any CPU = Release|Any CPU
	EndGlobalSection
	GlobalSection(ProjectConfigurationPlatforms) = postSolution
		{C3E1C8C8-2909-4A02-A932-0B29A82676CA}.Debug|Any CPU.ActiveCfg = Debug|Any CPU
		{C3E1C8C8-2909-4A02-A932-0B29A82676CA}.Debug|Any CPU.Build.0 = Debug|Any CPU
		{C3E1C8C8-2909-4A02-A932-0B29A82676CA}.Release|Any CPU.ActiveCfg = Release|Any CPU
		{C3E1C8C8-2909-4A02-A932-0B29A82676CA}.Release|Any CPU.Build.0 = Release|Any CPU
	EndGlobalSection
	GlobalSection(SolutionProperties) = preSolution
		HideSolutionNode = FALSE
	EndGlobalSection
	GlobalSection(ExtensibilityGlobals) = postSolution
		SolutionGuid = {C103CEDB-E57C-4826-99A1-49AEB9EEA7FA}
	EndGlobalSection
EndGlobal
